
Microsoft Visual Studio Solution File, Format Version 12.00
# Visual Studio Version 16
VisualStudioVersion = 16.0.32630.194
MinimumVisualStudioVersion = 10.0.40219.1
Project("{9A19103F-16F7-4668-BE54-9A1E7A4F7556}") = "Core_Proje", "Core_Proje\Core_Proje.csproj", "{A3A72466-2B43-43B3-AED7-0C03582A08A8}"
EndProject
Project("{9A19103F-16F7-4668-BE54-9A1E7A4F7556}") = "BusinessLayer", "BusinessLayer\BusinessLayer.csproj", "{9C761ADC-12C6-4683-94B5-67694D255D8E}"
EndProject
Project("{9A19103F-16F7-4668-BE54-9A1E7A4F7556}") = "DataAccessLayer", "DataAccessLayer\DataAccessLayer.csproj", "{06B46E1E-83FC-4BDF-8E17-EC750BB5D2A6}"
EndProject
Project("{9A19103F-16F7-4668-BE54-9A1E7A4F7556}") = "EntityLayer", "EntityLayer\EntityLayer.csproj", "{F34F08C0-FEB2-49A3-BC8B-D914FE18D035}"
EndProject
Global
	GlobalSection(SolutionConfigurationPlatforms) = preSolution
		Debug|Any CPU = Debug|Any CPU
		Release|Any CPU = Release|Any CPU
	EndGlobalSection
	GlobalSection(ProjectConfigurationPlatforms) = postSolution
		{A3A72466-2B43-43B3-AED7-0C03582A08A8}.Debug|Any CPU.ActiveCfg = Debug|Any CPU
		{A3A72466-2B43-43B3-AED7-0C03582A08A8}.Debug|Any CPU.Build.0 = Debug|Any CPU
		{A3A72466-2B43-43B3-AED7-0C03582A08A8}.Release|Any CPU.ActiveCfg = Release|Any CPU
		{A3A72466-2B43-43B3-AED7-0C03582A08A8}.Release|Any CPU.Build.0 = Release|Any CPU
		{9C761ADC-12C6-4683-94B5-67694D255D8E}.Debug|Any CPU.ActiveCfg = Debug|Any CPU
		{9C761ADC-12C6-4683-94B5-67694D255D8E}.Debug|Any CPU.Build.0 = Debug|Any CPU
		{9C761ADC-12C6-4683-94B5-67694D255D8E}.Release|Any CPU.ActiveCfg = Release|Any CPU
		{9C761ADC-12C6-4683-94B5-67694D255D8E}.Release|Any CPU.Build.0 = Release|Any CPU
		{06B46E1E-83FC-4BDF-8E17-EC750BB5D2A6}.Debug|Any CPU.ActiveCfg = Debug|Any CPU
		{06B46E1E-83FC-4BDF-8E17-EC750BB5D2A6}.Debug|Any CPU.Build.0 = Debug|Any CPU
		{06B46E1E-83FC-4BDF-8E17-EC750BB5D2A6}.Release|Any CPU.ActiveCfg = Release|Any CPU
		{06B46E1E-83FC-4BDF-8E17-EC750BB5D2A6}.Release|Any CPU.Build.0 = Release|Any CPU
		{F34F08C0-FEB2-49A3-BC8B-D914FE18D035}.Debug|Any CPU.ActiveCfg = Debug|Any CPU
		{F34F08C0-FEB2-49A3-BC8B-D914FE18D035}.Debug|Any CPU.Build.0 = Debug|Any CPU
		{F34F08C0-FEB2-49A3-BC8B-D914FE18D035}.Release|Any CPU.ActiveCfg = Release|Any CPU
		{F34F08C0-FEB2-49A3-BC8B-D914FE18D035}.Release|Any CPU.Build.0 = Release|Any CPU
	EndGlobalSection
	GlobalSection(SolutionProperties) = preSolution
		HideSolutionNode = FALSE
	EndGlobalSection
	GlobalSection(ExtensibilityGlobals) = postSolution
		SolutionGuid = {96A55197-8C20-47BC-9DF7-36E58C4052D7}
	EndGlobalSection
EndGlobal
